	<Project xmlns="http://schemas.microsoft.com/developer/msbuild/2003">
		<PropertyGroup>
			<ProjectGuid>{BD1C2F07-ECBB-4D18-B86B-8420E5FD2B48}</ProjectGuid>
			<MainSource>OutilsERP_fr.dpk</MainSource>
			<Config Condition="'$(Config)'==''">Débogage</Config>
			<DCC_DCCCompiler>DCC32</DCC_DCCCompiler>
			<ProjectVersion>12.0</ProjectVersion>
		</PropertyGroup>
		<PropertyGroup Condition="'$(Config)'=='Base' or '$(Base)'!=''">
			<Base>true</Base>
		</PropertyGroup>
		<PropertyGroup Condition="'$(Config)'=='Release' or '$(Cfg_1)'!=''">
			<Cfg_1>true</Cfg_1>
			<CfgParent>Base</CfgParent>
			<Base>true</Base>
		</PropertyGroup>
		<PropertyGroup Condition="'$(Config)'=='Débogage' or '$(Cfg_2)'!=''">
			<Cfg_2>true</Cfg_2>
			<CfgParent>Base</CfgParent>
			<Base>true</Base>
		</PropertyGroup>
		<PropertyGroup Condition="'$(Base)'!=''">
			<RuntimeOnlyPackage>true</RuntimeOnlyPackage>
			<DCC_DependencyCheckOutputName>..\..\..\Bin\Modules\Outils\OutilsERP_fr.bpl</DCC_DependencyCheckOutputName>
			<DCC_BplOutput>..\..\..\Bin\Modules\Outils</DCC_BplOutput>
			<DCC_RangeChecking>true</DCC_RangeChecking>
			<DCC_UnitAlias>WinTypes=Windows;WinProcs=Windows;$(DCC_UnitAlias)</DCC_UnitAlias>
			<DCC_Description>Outils de vérification et de statistiques de la base LGPI</DCC_Description>
			<DCC_IntegerOverflowCheck>true</DCC_IntegerOverflowCheck>
			<DCC_DcpOutput>..\..\..\Lib</DCC_DcpOutput>
			<GenDll>true</GenDll>
			<DesignOnlyPackage>false</DesignOnlyPackage>
			<GenPackage>true</GenPackage>
			<DCC_DcuOutput>..\..\..\Lib</DCC_DcuOutput>
			<DCC_ImageBase>00400000</DCC_ImageBase>
			<DCC_Platform>x86</DCC_Platform>
		</PropertyGroup>
		<PropertyGroup Condition="'$(Cfg_1)'!=''">
			<DCC_LocalDebugSymbols>false</DCC_LocalDebugSymbols>
			<DCC_Define>RELEASE;$(DCC_Define)</DCC_Define>
			<DCC_SymbolReferenceInfo>0</DCC_SymbolReferenceInfo>
			<DCC_DebugInformation>false</DCC_DebugInformation>
		</PropertyGroup>
		<PropertyGroup Condition="'$(Cfg_2)'!=''">
			<DCC_Define>DEBUG;$(DCC_Define)</DCC_Define>
		</PropertyGroup>
		<ItemGroup>
			<DelphiCompile Include="OutilsERP_fr.dpk">
				<MainSource>MainSource</MainSource>
			</DelphiCompile>
			<DCCReference Include="vcl.dcp"/>
			<DCCReference Include="rtl.dcp"/>
			<DCCReference Include="dbrtl.dcp"/>
			<DCCReference Include="vcldb.dcp"/>
			<DCCReference Include="bdertl.dcp"/>
			<DCCReference Include="dac140.dcp"/>
			<DCCReference Include="odac140.dcp"/>
			<DCCReference Include="Projet.dcp"/>
			<DCCReference Include="PIDB.dcp"/>
			<DCCReference Include="PIExtended.dcp"/>
			<DCCReference Include="vclimg.dcp"/>
			<DCCReference Include="PIClasses.dcp"/>
			<DCCReference Include="vclx.dcp"/>
			<DCCReference Include="VclSmp.dcp"/>
			<DCCReference Include="dsnap.dcp"/>
			<DCCReference Include="mdlOutilsERP_fr.pas">
				<Form>dmOutilsERP_fr</Form>
				<DesignClass>TDataModule</DesignClass>
			</DCCReference>
			<DCCReference Include="mdlOutilsERPERP_fr.pas">
				<Form>dmOutilsERPERP_fr</Form>
				<DesignClass>TDataModule</DesignClass>
			</DCCReference>
			<DCCReference Include="mdlNoLot.pas">
				<Form>frmNoLot</Form>
			</DCCReference>
			<DCCReference Include="mdlStatistiques.pas">
				<Form>frmStatistiques</Form>
			</DCCReference>
			<DCCReference Include="mdlSequenceOrdonnancier_fr.pas">
				<Form>frmSequenceOrdonnancier</Form>
			</DCCReference>
			<BuildConfiguration Include="Base">
				<Key>Base</Key>
			</BuildConfiguration>
			<BuildConfiguration Include="Débogage">
				<Key>Cfg_2</Key>
				<CfgParent>Base</CfgParent>
			</BuildConfiguration>
			<BuildConfiguration Include="Release">
				<Key>Cfg_1</Key>
				<CfgParent>Base</CfgParent>
			</BuildConfiguration>
		</ItemGroup>
		<Import Project="$(BDS)\Bin\CodeGear.Delphi.Targets" Condition="Exists('$(BDS)\Bin\CodeGear.Delphi.Targets')"/>
		<ProjectExtensions>
			<Borland.Personality>Delphi.Personality.12</Borland.Personality>
			<Borland.ProjectType>Package</Borland.ProjectType>
			<BorlandProject>
				<Delphi.Personality>
					<Source>
						<Source Name="MainSource">OutilsERP_fr.dpk</Source>
					</Source>
					<Parameters>
						<Parameters Name="HostApplication">..\..\..\Bin\COMMIT.exe</Parameters>
						<Parameters Name="UseLauncher">False</Parameters>
						<Parameters Name="LoadAllSymbols">True</Parameters>
						<Parameters Name="LoadUnspecifiedSymbols">False</Parameters>
					</Parameters>
					<VersionInfo>
						<VersionInfo Name="IncludeVerInfo">True</VersionInfo>
						<VersionInfo Name="AutoIncBuild">False</VersionInfo>
						<VersionInfo Name="MajorVer">4</VersionInfo>
						<VersionInfo Name="MinorVer">7</VersionInfo>
						<VersionInfo Name="Release">0</VersionInfo>
						<VersionInfo Name="Build">0</VersionInfo>
						<VersionInfo Name="Debug">False</VersionInfo>
						<VersionInfo Name="PreRelease">False</VersionInfo>
						<VersionInfo Name="Special">False</VersionInfo>
						<VersionInfo Name="Private">False</VersionInfo>
						<VersionInfo Name="DLL">False</VersionInfo>
						<VersionInfo Name="Locale">1036</VersionInfo>
						<VersionInfo Name="CodePage">1252</VersionInfo>
					</VersionInfo>
					<VersionInfoKeys>
						<VersionInfoKeys Name="CompanyName">Pharmagest Inter@ctive</VersionInfoKeys>
						<VersionInfoKeys Name="FileDescription">Outils de vérification et de statistiques de la base LGPI</VersionInfoKeys>
						<VersionInfoKeys Name="FileVersion">4.7.0.0</VersionInfoKeys>
						<VersionInfoKeys Name="InternalName">OUTILSERP_FR.BPL</VersionInfoKeys>
						<VersionInfoKeys Name="LegalCopyright"/>
						<VersionInfoKeys Name="LegalTrademarks"/>
						<VersionInfoKeys Name="OriginalFilename"/>
						<VersionInfoKeys Name="ProductName">COMMIT</VersionInfoKeys>
						<VersionInfoKeys Name="ProductVersion">4.7</VersionInfoKeys>
						<VersionInfoKeys Name="Comments"/>
						<VersionInfoKeys Name="Pays">FR</VersionInfoKeys>
					</VersionInfoKeys>
					<Excluded_Packages>
						<Excluded_Packages Name="$(BDS)\bin\dcloffice2k140.bpl">Composants Microsoft Office 2000 Sample Automation Server Wrapper</Excluded_Packages>
						<Excluded_Packages Name="$(BDS)\bin\dclofficexp140.bpl">Composants Microsoft Office XP Sample Automation Server Wrapper</Excluded_Packages>
					</Excluded_Packages>
				</Delphi.Personality>
			</BorlandProject>
			<ProjectFileVersion>12</ProjectFileVersion>
		</ProjectExtensions>
	</Project>
