Microsoft Visual Studio Solution File, Format Version 12.00
# Visual Studio Version 17
VisualStudioVersion = 17.5.2.0
MinimumVisualStudioVersion = 10.0.40219.1
Project("{2150E333-8FDC-42A3-9474-1A3956D46DE8}") = "Outils", "Outils", "{02E72BD5-3BD2-1A5C-1C2D-B6348AEF57BB}"
EndProject
Project("{FAE04EC0-301F-11D3-BF4B-00C04F79EFBC}") = "extractCorr", "Outils\extractCorr\extractCorr.csproj", "{3E89332C-8FB2-3108-4DD8-C2EDE4ADEC3D}"
EndProject
Global
	GlobalSection(SolutionConfigurationPlatforms) = preSolution
		Debug|Any CPU = Debug|Any CPU
		Release|Any CPU = Release|Any CPU
	EndGlobalSection
	GlobalSection(ProjectConfigurationPlatforms) = postSolution
		{3E89332C-8FB2-3108-4DD8-C2EDE4ADEC3D}.Debug|Any CPU.ActiveCfg = Debug|Any CPU
		{3E89332C-8FB2-3108-4DD8-C2EDE4ADEC3D}.Debug|Any CPU.Build.0 = Debug|Any CPU
		{3E89332C-8FB2-3108-4DD8-C2EDE4ADEC3D}.Release|Any CPU.ActiveCfg = Release|Any CPU
		{3E89332C-8FB2-3108-4DD8-C2EDE4ADEC3D}.Release|Any CPU.Build.0 = Release|Any CPU
	EndGlobalSection
	GlobalSection(SolutionProperties) = preSolution
		HideSolutionNode = FALSE
	EndGlobalSection
	GlobalSection(NestedProjects) = preSolution
		{3E89332C-8FB2-3108-4DD8-C2EDE4ADEC3D} = {02E72BD5-3BD2-1A5C-1C2D-B6348AEF57BB}
	EndGlobalSection
	GlobalSection(ExtensibilityGlobals) = postSolution
		SolutionGuid = {7C8A9977-9779-422A-BDF8-2E20BF0E1EC7}
	EndGlobalSection
EndGlobal
